
Microsoft Visual Studio Solution File, Format Version 12.00
# Visual Studio Version 16
VisualStudioVersion = 16.0.30406.217
MinimumVisualStudioVersion = 10.0.40219.1
Project("{9A19103F-16F7-4668-BE54-9A1E7A4F7556}") = "TodoAPIM", "TodoAPIM\TodoAPIM.csproj", "{14B5E892-AC2B-4D86-AC6C-9655A6735686}"
EndProject
Project("{9A19103F-16F7-4668-BE54-9A1E7A4F7556}") = "TodoListClient", "Client\TodoListClient.csproj", "{26117F94-0DE0-455C-9AA5-660F84B9375A}"
EndProject
Global
	GlobalSection(SolutionConfigurationPlatforms) = preSolution
		Debug|Any CPU = Debug|Any CPU
		Release|Any CPU = Release|Any CPU
	EndGlobalSection
	GlobalSection(ProjectConfigurationPlatforms) = postSolution
		{14B5E892-AC2B-4D86-AC6C-9655A6735686}.Debug|Any CPU.ActiveCfg = Debug|Any CPU
		{14B5E892-AC2B-4D86-AC6C-9655A6735686}.Debug|Any CPU.Build.0 = Debug|Any CPU
		{14B5E892-AC2B-4D86-AC6C-9655A6735686}.Release|Any CPU.ActiveCfg = Release|Any CPU
		{14B5E892-AC2B-4D86-AC6C-9655A6735686}.Release|Any CPU.Build.0 = Release|Any CPU
		{26117F94-0DE0-455C-9AA5-660F84B9375A}.Debug|Any CPU.ActiveCfg = Debug|Any CPU
		{26117F94-0DE0-455C-9AA5-660F84B9375A}.Debug|Any CPU.Build.0 = Debug|Any CPU
		{26117F94-0DE0-455C-9AA5-660F84B9375A}.Release|Any CPU.ActiveCfg = Release|Any CPU
		{26117F94-0DE0-455C-9AA5-660F84B9375A}.Release|Any CPU.Build.0 = Release|Any CPU
	EndGlobalSection
	GlobalSection(SolutionProperties) = preSolution
		HideSolutionNode = FALSE
	EndGlobalSection
	GlobalSection(ExtensibilityGlobals) = postSolution
		SolutionGuid = {217A7845-33C0-4E71-ADC8-C8F4203350AD}
	EndGlobalSection
EndGlobal
